
Microsoft Visual Studio Solution File, Format Version 12.00
# Visual Studio Version 16
VisualStudioVersion = 16.0.31515.178
MinimumVisualStudioVersion = 10.0.40219.1
Project("{FAE04EC0-301F-11D3-BF4B-00C04F79EFBC}") = "Taller_Poo", "Taller_Poo.csproj", "{80F6FA0E-6665-4596-BA75-946D5ABD932A}"
EndProject
Global
	GlobalSection(SolutionConfigurationPlatforms) = preSolution
		Debug|Any CPU = Debug|Any CPU
		Release|Any CPU = Release|Any CPU
	EndGlobalSection
	GlobalSection(ProjectConfigurationPlatforms) = postSolution
		{80F6FA0E-6665-4596-BA75-946D5ABD932A}.Debug|Any CPU.ActiveCfg = Debug|Any CPU
		{80F6FA0E-6665-4596-BA75-946D5ABD932A}.Debug|Any CPU.Build.0 = Debug|Any CPU
		{80F6FA0E-6665-4596-BA75-946D5ABD932A}.Release|Any CPU.ActiveCfg = Release|Any CPU
		{80F6FA0E-6665-4596-BA75-946D5ABD932A}.Release|Any CPU.Build.0 = Release|Any CPU
	EndGlobalSection
	GlobalSection(SolutionProperties) = preSolution
		HideSolutionNode = FALSE
	EndGlobalSection
	GlobalSection(ExtensibilityGlobals) = postSolution
		SolutionGuid = {FA092C7C-CF21-41F2-9B6C-B851FCF33472}
	EndGlobalSection
EndGlobal
